// !$*UTF8*$!
{
	archiveVersion = 1;
	classes = {
	};
	objectVersion = 50;
	objects = {

/* Begin PBXBuildFile section */
		B15AD0432337332F007B07F9 /* AppDelegate.swift in Sources */ = {isa = PBXBuildFile; fileRef = B15AD0422337332F007B07F9 /* AppDelegate.swift */; };
		B15AD0452337332F007B07F9 /* SceneDelegate.swift in Sources */ = {isa = PBXBuildFile; fileRef = B15AD0442337332F007B07F9 /* SceneDelegate.swift */; };
		B15AD0472337332F007B07F9 /* ContentView.swift in Sources */ = {isa = PBXBuildFile; fileRef = B15AD0462337332F007B07F9 /* ContentView.swift */; };
		B15AD04923373330007B07F9 /* Assets.xcassets in Resources */ = {isa = PBXBuildFile; fileRef = B15AD04823373330007B07F9 /* Assets.xcassets */; };
		B15AD04C23373330007B07F9 /* Preview Assets.xcassets in Resources */ = {isa = PBXBuildFile; fileRef = B15AD04B23373330007B07F9 /* Preview Assets.xcassets */; };
		B15AD04F23373330007B07F9 /* LaunchScreen.storyboard in Resources */ = {isa = PBXBuildFile; fileRef = B15AD04D23373330007B07F9 /* LaunchScreen.storyboard */; };
		B15AD05A23373330007B07F9 /* flossTests.swift in Sources */ = {isa = PBXBuildFile; fileRef = B15AD05923373330007B07F9 /* flossTests.swift */; };
		B15AD06523373330007B07F9 /* flossUITests.swift in Sources */ = {isa = PBXBuildFile; fileRef = B15AD06423373330007B07F9 /* flossUITests.swift */; };
/* End PBXBuildFile section */

/* Begin PBXContainerItemProxy section */
		B15AD05623373330007B07F9 /* PBXContainerItemProxy */ = {
			isa = PBXContainerItemProxy;
			containerPortal = B15AD0372337332F007B07F9 /* Project object */;
			proxyType = 1;
			remoteGlobalIDString = B15AD03E2337332F007B07F9;
			remoteInfo = floss;
		};
		B15AD06123373330007B07F9 /* PBXContainerItemProxy */ = {
			isa = PBXContainerItemProxy;
			containerPortal = B15AD0372337332F007B07F9 /* Project object */;
			proxyType = 1;
			remoteGlobalIDString = B15AD03E2337332F007B07F9;
			remoteInfo = floss;
		};
/* End PBXContainerItemProxy section */

/* Begin PBXFileReference section */
		B15AD03F2337332F007B07F9 /* floss.app */ = {isa = PBXFileReference; explicitFileType = wrapper.application; includeInIndex = 0; path = floss.app; sourceTree = BUILT_PRODUCTS_DIR; };
		B15AD0422337332F007B07F9 /* AppDelegate.swift */ = {isa = PBXFileReference; lastKnownFileType = sourcecode.swift; path = AppDelegate.swift; sourceTree = "<group>"; };
		B15AD0442337332F007B07F9 /* SceneDelegate.swift */ = {isa = PBXFileReference; lastKnownFileType = sourcecode.swift; path = SceneDelegate.swift; sourceTree = "<group>"; };
		B15AD0462337332F007B07F9 /* ContentView.swift */ = {isa = PBXFileReference; lastKnownFileType = sourcecode.swift; path = ContentView.swift; sourceTree = "<group>"; };
		B15AD04823373330007B07F9 /* Assets.xcassets */ = {isa = PBXFileReference; lastKnownFileType = folder.assetcatalog; path = Assets.xcassets; sourceTree = "<group>"; };
		B15AD04B23373330007B07F9 /* Preview Assets.xcassets */ = {isa = PBXFileReference; lastKnownFileType = folder.assetcatalog; path = "Preview Assets.xcassets"; sourceTree = "<group>"; };
		B15AD04E23373330007B07F9 /* Base */ = {isa = PBXFileReference; lastKnownFileType = file.storyboard; name = Base; path = Base.lproj/LaunchScreen.storyboard; sourceTree = "<group>"; };
		B15AD05023373330007B07F9 /* Info.plist */ = {isa = PBXFileReference; lastKnownFileType = text.plist.xml; path = Info.plist; sourceTree = "<group>"; };
		B15AD05523373330007B07F9 /* flossTests.xctest */ = {isa = PBXFileReference; explicitFileType = wrapper.cfbundle; includeInIndex = 0; path = flossTests.xctest; sourceTree = BUILT_PRODUCTS_DIR; };
		B15AD05923373330007B07F9 /* flossTests.swift */ = {isa = PBXFileReference; lastKnownFileType = sourcecode.swift; path = flossTests.swift; sourceTree = "<group>"; };
		B15AD05B23373330007B07F9 /* Info.plist */ = {isa = PBXFileReference; lastKnownFileType = text.plist.xml; path = Info.plist; sourceTree = "<group>"; };
		B15AD06023373330007B07F9 /* flossUITests.xctest */ = {isa = PBXFileReference; explicitFileType = wrapper.cfbundle; includeInIndex = 0; path = flossUITests.xctest; sourceTree = BUILT_PRODUCTS_DIR; };
		B15AD06423373330007B07F9 /* flossUITests.swift */ = {isa = PBXFileReference; lastKnownFileType = sourcecode.swift; path = flossUITests.swift; sourceTree = "<group>"; };
		B15AD06623373330007B07F9 /* Info.plist */ = {isa = PBXFileReference; lastKnownFileType = text.plist.xml; path = Info.plist; sourceTree = "<group>"; };
/* End PBXFileReference section */

/* Begin PBXFrameworksBuildPhase section */
		B15AD03C2337332F007B07F9 /* Frameworks */ = {
			isa = PBXFrameworksBuildPhase;
			buildActionMask = 2147483647;
			files = (
			);
			runOnlyForDeploymentPostprocessing = 0;
		};
		B15AD05223373330007B07F9 /* Frameworks */ = {
			isa = PBXFrameworksBuildPhase;
			buildActionMask = 2147483647;
			files = (
			);
			runOnlyForDeploymentPostprocessing = 0;
		};
		B15AD05D23373330007B07F9 /* Frameworks */ = {
			isa = PBXFrameworksBuildPhase;
			buildActionMask = 2147483647;
			files = (
			);
			runOnlyForDeploymentPostprocessing = 0;
		};
/* End PBXFrameworksBuildPhase section */

/* Begin PBXGroup section */
		B15AD0362337332F007B07F9 = {
			isa = PBXGroup;
			children = (
				B15AD0412337332F007B07F9 /* floss */,
				B15AD05823373330007B07F9 /* flossTests */,
				B15AD06323373330007B07F9 /* flossUITests */,
				B15AD0402337332F007B07F9 /* Products */,
			);
			sourceTree = "<group>";
		};
		B15AD0402337332F007B07F9 /* Products */ = {
			isa = PBXGroup;
			children = (
				B15AD03F2337332F007B07F9 /* floss.app */,
				B15AD05523373330007B07F9 /* flossTests.xctest */,
				B15AD06023373330007B07F9 /* flossUITests.xctest */,
			);
			name = Products;
			sourceTree = "<group>";
		};
		B15AD0412337332F007B07F9 /* floss */ = {
			isa = PBXGroup;
			children = (
				B15AD0422337332F007B07F9 /* AppDelegate.swift */,
				B15AD0442337332F007B07F9 /* SceneDelegate.swift */,
				B15AD0462337332F007B07F9 /* ContentView.swift */,
				B15AD04823373330007B07F9 /* Assets.xcassets */,
				B15AD04D23373330007B07F9 /* LaunchScreen.storyboard */,
				B15AD05023373330007B07F9 /* Info.plist */,
				B15AD04A23373330007B07F9 /* Preview Content */,
			);
			path = floss;
			sourceTree = "<group>";
		};
		B15AD04A23373330007B07F9 /* Preview Content */ = {
			isa = PBXGroup;
			children = (
				B15AD04B23373330007B07F9 /* Preview Assets.xcassets */,
			);
			path = "Preview Content";
			sourceTree = "<group>";
		};
		B15AD05823373330007B07F9 /* flossTests */ = {
			isa = PBXGroup;
			children = (
				B15AD05923373330007B07F9 /* flossTests.swift */,
				B15AD05B23373330007B07F9 /* Info.plist */,
			);
			path = flossTests;
			sourceTree = "<group>";
		};
		B15AD06323373330007B07F9 /* flossUITests */ = {
			isa = PBXGroup;
			children = (
				B15AD06423373330007B07F9 /* flossUITests.swift */,
				B15AD06623373330007B07F9 /* Info.plist */,
			);
			path = flossUITests;
			sourceTree = "<group>";
		};
/* End PBXGroup section */

/* Begin PBXNativeTarget section */
		B15AD03E2337332F007B07F9 /* floss */ = {
			isa = PBXNativeTarget;
			buildConfigurationList = B15AD06923373330007B07F9 /* Build configuration list for PBXNativeTarget "floss" */;
			buildPhases = (
				B15AD03B2337332F007B07F9 /* Sources */,
				B15AD03C2337332F007B07F9 /* Frameworks */,
				B15AD03D2337332F007B07F9 /* Resources */,
			);
			buildRules = (
			);
			dependencies = (
			);
			name = floss;
			productName = floss;
			productReference = B15AD03F2337332F007B07F9 /* floss.app */;
			productType = "com.apple.product-type.application";
		};
		B15AD05423373330007B07F9 /* flossTests */ = {
			isa = PBXNativeTarget;
			buildConfigurationList = B15AD06C23373330007B07F9 /* Build configuration list for PBXNativeTarget "flossTests" */;
			buildPhases = (
				B15AD05123373330007B07F9 /* Sources */,
				B15AD05223373330007B07F9 /* Frameworks */,
				B15AD05323373330007B07F9 /* Resources */,
			);
			buildRules = (
			);
			dependencies = (
				B15AD05723373330007B07F9 /* PBXTargetDependency */,
			);
			name = flossTests;
			productName = flossTests;
			productReference = B15AD05523373330007B07F9 /* flossTests.xctest */;
			productType = "com.apple.product-type.bundle.unit-test";
		};
		B15AD05F23373330007B07F9 /* flossUITests */ = {
			isa = PBXNativeTarget;
			buildConfigurationList = B15AD06F23373330007B07F9 /* Build configuration list for PBXNativeTarget "flossUITests" */;
			buildPhases = (
				B15AD05C23373330007B07F9 /* Sources */,
				B15AD05D23373330007B07F9 /* Frameworks */,
				B15AD05E23373330007B07F9 /* Resources */,
			);
			buildRules = (
			);
			dependencies = (
				B15AD06223373330007B07F9 /* PBXTargetDependency */,
			);
			name = flossUITests;
			productName = flossUITests;
			productReference = B15AD06023373330007B07F9 /* flossUITests.xctest */;
			productType = "com.apple.product-type.bundle.ui-testing";
		};
/* End PBXNativeTarget section */

/* Begin PBXProject section */
		B15AD0372337332F007B07F9 /* Project object */ = {
			isa = PBXProject;
			attributes = {
				LastSwiftUpdateCheck = 1100;
				LastUpgradeCheck = 1100;
				ORGANIZATIONNAME = "Jens Bösche";
				TargetAttributes = {
					B15AD03E2337332F007B07F9 = {
						CreatedOnToolsVersion = 11.0;
					};
					B15AD05423373330007B07F9 = {
						CreatedOnToolsVersion = 11.0;
						TestTargetID = B15AD03E2337332F007B07F9;
					};
					B15AD05F23373330007B07F9 = {
						CreatedOnToolsVersion = 11.0;
						TestTargetID = B15AD03E2337332F007B07F9;
					};
				};
			};
			buildConfigurationList = B15AD03A2337332F007B07F9 /* Build configuration list for PBXProject "floss" */;
			compatibilityVersion = "Xcode 9.3";
			developmentRegion = en;
			hasScannedForEncodings = 0;
			knownRegions = (
				en,
				Base,
			);
			mainGroup = B15AD0362337332F007B07F9;
			productRefGroup = B15AD0402337332F007B07F9 /* Products */;
			projectDirPath = "";
			projectRoot = "";
			targets = (
				B15AD03E2337332F007B07F9 /* floss */,
				B15AD05423373330007B07F9 /* flossTests */,
				B15AD05F23373330007B07F9 /* flossUITests */,
			);
		};
/* End PBXProject section */

/* Begin PBXResourcesBuildPhase section */
		B15AD03D2337332F007B07F9 /* Resources */ = {
			isa = PBXResourcesBuildPhase;
			buildActionMask = 2147483647;
			files = (
				B15AD04F23373330007B07F9 /* LaunchScreen.storyboard in Resources */,
				B15AD04C23373330007B07F9 /* Preview Assets.xcassets in Resources */,
				B15AD04923373330007B07F9 /* Assets.xcassets in Resources */,
			);
			runOnlyForDeploymentPostprocessing = 0;
		};
		B15AD05323373330007B07F9 /* Resources */ = {
			isa = PBXResourcesBuildPhase;
			buildActionMask = 2147483647;
			files = (
			);
			runOnlyForDeploymentPostprocessing = 0;
		};
		B15AD05E23373330007B07F9 /* Resources */ = {
			isa = PBXResourcesBuildPhase;
			buildActionMask = 2147483647;
			files = (
			);
			runOnlyForDeploymentPostprocessing = 0;
		};
/* End PBXResourcesBuildPhase section */

/* Begin PBXSourcesBuildPhase section */
		B15AD03B2337332F007B07F9 /* Sources */ = {
			isa = PBXSourcesBuildPhase;
			buildActionMask = 2147483647;
			files = (
				B15AD0432337332F007B07F9 /* AppDelegate.swift in Sources */,
				B15AD0452337332F007B07F9 /* SceneDelegate.swift in Sources */,
				B15AD0472337332F007B07F9 /* ContentView.swift in Sources */,
			);
			runOnlyForDeploymentPostprocessing = 0;
		};
		B15AD05123373330007B07F9 /* Sources */ = {
			isa = PBXSourcesBuildPhase;
			buildActionMask = 2147483647;
			files = (
				B15AD05A23373330007B07F9 /* flossTests.swift in Sources */,
			);
			runOnlyForDeploymentPostprocessing = 0;
		};
		B15AD05C23373330007B07F9 /* Sources */ = {
			isa = PBXSourcesBuildPhase;
			buildActionMask = 2147483647;
			files = (
				B15AD06523373330007B07F9 /* flossUITests.swift in Sources */,
			);
			runOnlyForDeploymentPostprocessing = 0;
		};
/* End PBXSourcesBuildPhase section */

/* Begin PBXTargetDependency section */
		B15AD05723373330007B07F9 /* PBXTargetDependency */ = {
			isa = PBXTargetDependency;
			target = B15AD03E2337332F007B07F9 /* floss */;
			targetProxy = B15AD05623373330007B07F9 /* PBXContainerItemProxy */;
		};
		B15AD06223373330007B07F9 /* PBXTargetDependency */ = {
			isa = PBXTargetDependency;
			target = B15AD03E2337332F007B07F9 /* floss */;
			targetProxy = B15AD06123373330007B07F9 /* PBXContainerItemProxy */;
		};
/* End PBXTargetDependency section */

/* Begin PBXVariantGroup section */
		B15AD04D23373330007B07F9 /* LaunchScreen.storyboard */ = {
			isa = PBXVariantGroup;
			children = (
				B15AD04E23373330007B07F9 /* Base */,
			);
			name = LaunchScreen.storyboard;
			sourceTree = "<group>";
		};
/* End PBXVariantGroup section */

/* Begin XCBuildConfiguration section */
		B15AD06723373330007B07F9 /* Debug */ = {
			isa = XCBuildConfiguration;
			buildSettings = {
				ALWAYS_SEARCH_USER_PATHS = NO;
				CLANG_ANALYZER_NONNULL = YES;
				CLANG_ANALYZER_NUMBER_OBJECT_CONVERSION = YES_AGGRESSIVE;
				CLANG_CXX_LANGUAGE_STANDARD = "gnu++14";
				CLANG_CXX_LIBRARY = "libc++";
				CLANG_ENABLE_MODULES = YES;
				CLANG_ENABLE_OBJC_ARC = YES;
				CLANG_ENABLE_OBJC_WEAK = YES;
				CLANG_WARN_BLOCK_CAPTURE_AUTORELEASING = YES;
				CLANG_WARN_BOOL_CONVERSION = YES;
				CLANG_WARN_COMMA = YES;
				CLANG_WARN_CONSTANT_CONVERSION = YES;
				CLANG_WARN_DEPRECATED_OBJC_IMPLEMENTATIONS = YES;
				CLANG_WARN_DIRECT_OBJC_ISA_USAGE = YES_ERROR;
				CLANG_WARN_DOCUMENTATION_COMMENTS = YES;
				CLANG_WARN_EMPTY_BODY = YES;
				CLANG_WARN_ENUM_CONVERSION = YES;
				CLANG_WARN_INFINITE_RECURSION = YES;
				CLANG_WARN_INT_CONVERSION = YES;
				CLANG_WARN_NON_LITERAL_NULL_CONVERSION = YES;
				CLANG_WARN_OBJC_IMPLICIT_RETAIN_SELF = YES;
				CLANG_WARN_OBJC_LITERAL_CONVERSION = YES;
				CLANG_WARN_OBJC_ROOT_CLASS = YES_ERROR;
				CLANG_WARN_RANGE_LOOP_ANALYSIS = YES;
				CLANG_WARN_STRICT_PROTOTYPES = YES;
				CLANG_WARN_SUSPICIOUS_MOVE = YES;
				CLANG_WARN_UNGUARDED_AVAILABILITY = YES_AGGRESSIVE;
				CLANG_WARN_UNREACHABLE_CODE = YES;
				CLANG_WARN__DUPLICATE_METHOD_MATCH = YES;
				COPY_PHASE_STRIP = NO;
				DEBUG_INFORMATION_FORMAT = dwarf;
				ENABLE_STRICT_OBJC_MSGSEND = YES;
				ENABLE_TESTABILITY = YES;
				GCC_C_LANGUAGE_STANDARD = gnu11;
				GCC_DYNAMIC_NO_PIC = NO;
				GCC_NO_COMMON_BLOCKS = YES;
				GCC_OPTIMIZATION_LEVEL = 0;
				GCC_PREPROCESSOR_DEFINITIONS = (
					"DEBUG=1",
					"$(inherited)",
				);
				GCC_WARN_64_TO_32_BIT_CONVERSION = YES;
				GCC_WARN_ABOUT_RETURN_TYPE = YES_ERROR;
				GCC_WARN_UNDECLARED_SELECTOR = YES;
				GCC_WARN_UNINITIALIZED_AUTOS = YES_AGGRESSIVE;
				GCC_WARN_UNUSED_FUNCTION = YES;
				GCC_WARN_UNUSED_VARIABLE = YES;
				IPHONEOS_DEPLOYMENT_TARGET = 13.0;
				MTL_ENABLE_DEBUG_INFO = INCLUDE_SOURCE;
				MTL_FAST_MATH = YES;
				ONLY_ACTIVE_ARCH = YES;
				SDKROOT = iphoneos;
				SWIFT_ACTIVE_COMPILATION_CONDITIONS = DEBUG;
				SWIFT_OPTIMIZATION_LEVEL = "-Onone";
			};
			name = Debug;
		};
		B15AD06823373330007B07F9 /* Release */ = {
			isa = XCBuildConfiguration;
			buildSettings = {
				ALWAYS_SEARCH_USER_PATHS = NO;
				CLANG_ANALYZER_NONNULL = YES;
				CLANG_ANALYZER_NUMBER_OBJECT_CONVERSION = YES_AGGRESSIVE;
				CLANG_CXX_LANGUAGE_STANDARD = "gnu++14";
				CLANG_CXX_LIBRARY = "libc++";
				CLANG_ENABLE_MODULES = YES;
				CLANG_ENABLE_OBJC_ARC = YES;
				CLANG_ENABLE_OBJC_WEAK = YES;
				CLANG_WARN_BLOCK_CAPTURE_AUTORELEASING = YES;
				CLANG_WARN_BOOL_CONVERSION = YES;
				CLANG_WARN_COMMA = YES;
				CLANG_WARN_CONSTANT_CONVERSION = YES;
				CLANG_WARN_DEPRECATED_OBJC_IMPLEMENTATIONS = YES;
				CLANG_WARN_DIRECT_OBJC_ISA_USAGE = YES_ERROR;
				CLANG_WARN_DOCUMENTATION_COMMENTS = YES;
				CLANG_WARN_EMPTY_BODY = YES;
				CLANG_WARN_ENUM_CONVERSION = YES;
				CLANG_WARN_INFINITE_RECURSION = YES;
				CLANG_WARN_INT_CONVERSION = YES;
				CLANG_WARN_NON_LITERAL_NULL_CONVERSION = YES;
				CLANG_WARN_OBJC_IMPLICIT_RETAIN_SELF = YES;
				CLANG_WARN_OBJC_LITERAL_CONVERSION = YES;
				CLANG_WARN_OBJC_ROOT_CLASS = YES_ERROR;
				CLANG_WARN_RANGE_LOOP_ANALYSIS = YES;
				CLANG_WARN_STRICT_PROTOTYPES = YES;
				CLANG_WARN_SUSPICIOUS_MOVE = YES;
				CLANG_WARN_UNGUARDED_AVAILABILITY = YES_AGGRESSIVE;
				CLANG_WARN_UNREACHABLE_CODE = YES;
				CLANG_WARN__DUPLICATE_METHOD_MATCH = YES;
				COPY_PHASE_STRIP = NO;
				DEBUG_INFORMATION_FORMAT = "dwarf-with-dsym";
				ENABLE_NS_ASSERTIONS = NO;
				ENABLE_STRICT_OBJC_MSGSEND = YES;
				GCC_C_LANGUAGE_STANDARD = gnu11;
				GCC_NO_COMMON_BLOCKS = YES;
				GCC_WARN_64_TO_32_BIT_CONVERSION = YES;
				GCC_WARN_ABOUT_RETURN_TYPE = YES_ERROR;
				GCC_WARN_UNDECLARED_SELECTOR = YES;
				GCC_WARN_UNINITIALIZED_AUTOS = YES_AGGRESSIVE;
				GCC_WARN_UNUSED_FUNCTION = YES;
				GCC_WARN_UNUSED_VARIABLE = YES;
				IPHONEOS_DEPLOYMENT_TARGET = 13.0;
				MTL_ENABLE_DEBUG_INFO = NO;
				MTL_FAST_MATH = YES;
				SDKROOT = iphoneos;
				SWIFT_COMPILATION_MODE = wholemodule;
				SWIFT_OPTIMIZATION_LEVEL = "-O";
				VALIDATE_PRODUCT = YES;
			};
			name = Release;
		};
		B15AD06A23373330007B07F9 /* Debug */ = {
			isa = XCBuildConfiguration;
			buildSettings = {
				ASSETCATALOG_COMPILER_APPICON_NAME = AppIcon;
				CODE_SIGN_STYLE = Automatic;
				DEVELOPMENT_ASSET_PATHS = "\"floss/Preview Content\"";
				DEVELOPMENT_TEAM = 8L9NU356QR;
				ENABLE_PREVIEWS = YES;
				INFOPLIST_FILE = floss/Info.plist;
				LD_RUNPATH_SEARCH_PATHS = (
					"$(inherited)",
					"@executable_path/Frameworks",
				);
				PRODUCT_BUNDLE_IDENTIFIER = club.kappaxbeta.floss;
				PRODUCT_NAME = "$(TARGET_NAME)";
				SWIFT_VERSION = 5.0;
				TARGETED_DEVICE_FAMILY = "1,2";
			};
			name = Debug;
		};
		B15AD06B23373330007B07F9 /* Release */ = {
			isa = XCBuildConfiguration;
			buildSettings = {
				ASSETCATALOG_COMPILER_APPICON_NAME = AppIcon;
				CODE_SIGN_STYLE = Automatic;
				DEVELOPMENT_ASSET_PATHS = "\"floss/Preview Content\"";
				DEVELOPMENT_TEAM = 8L9NU356QR;
				ENABLE_PREVIEWS = YES;
				INFOPLIST_FILE = floss/Info.plist;
				LD_RUNPATH_SEARCH_PATHS = (
					"$(inherited)",
					"@executable_path/Frameworks",
				);
				PRODUCT_BUNDLE_IDENTIFIER = club.kappaxbeta.floss;
				PRODUCT_NAME = "$(TARGET_NAME)";
				SWIFT_VERSION = 5.0;
				TARGETED_DEVICE_FAMILY = "1,2";
			};
			name = Release;
		};
		B15AD06D23373330007B07F9 /* Debug */ = {
			isa = XCBuildConfiguration;
			buildSettings = {
				ALWAYS_EMBED_SWIFT_STANDARD_LIBRARIES = YES;
				BUNDLE_LOADER = "$(TEST_HOST)";
				CODE_SIGN_STYLE = Automatic;
				DEVELOPMENT_TEAM = 8L9NU356QR;
				INFOPLIST_FILE = flossTests/Info.plist;
				IPHONEOS_DEPLOYMENT_TARGET = 13.0;
				LD_RUNPATH_SEARCH_PATHS = (
					"$(inherited)",
					"@executable_path/Frameworks",
					"@loader_path/Frameworks",
				);
				PRODUCT_BUNDLE_IDENTIFIER = club.kappaxbeta.flossTests;
				PRODUCT_NAME = "$(TARGET_NAME)";
				SWIFT_VERSION = 5.0;
				TARGETED_DEVICE_FAMILY = "1,2";
				TEST_HOST = "$(BUILT_PRODUCTS_DIR)/floss.app/floss";
			};
			name = Debug;
		};
		B15AD06E23373330007B07F9 /* Release */ = {
			isa = XCBuildConfiguration;
			buildSettings = {
				ALWAYS_EMBED_SWIFT_STANDARD_LIBRARIES = YES;
				BUNDLE_LOADER = "$(TEST_HOST)";
				CODE_SIGN_STYLE = Automatic;
				DEVELOPMENT_TEAM = 8L9NU356QR;
				INFOPLIST_FILE = flossTests/Info.plist;
				IPHONEOS_DEPLOYMENT_TARGET = 13.0;
				LD_RUNPATH_SEARCH_PATHS = (
					"$(inherited)",
					"@executable_path/Frameworks",
					"@loader_path/Frameworks",
				);
				PRODUCT_BUNDLE_IDENTIFIER = club.kappaxbeta.flossTests;
				PRODUCT_NAME = "$(TARGET_NAME)";
				SWIFT_VERSION = 5.0;
				TARGETED_DEVICE_FAMILY = "1,2";
				TEST_HOST = "$(BUILT_PRODUCTS_DIR)/floss.app/floss";
			};
			name = Release;
		};
		B15AD07023373330007B07F9 /* Debug */ = {
			isa = XCBuildConfiguration;
			buildSettings = {
				ALWAYS_EMBED_SWIFT_STANDARD_LIBRARIES = YES;
				CODE_SIGN_STYLE = Automatic;
				DEVELOPMENT_TEAM = 8L9NU356QR;
				INFOPLIST_FILE = flossUITests/Info.plist;
				LD_RUNPATH_SEARCH_PATHS = (
					"$(inherited)",
					"@executable_path/Frameworks",
					"@loader_path/Frameworks",
				);
				PRODUCT_BUNDLE_IDENTIFIER = club.kappaxbeta.flossUITests;
				PRODUCT_NAME = "$(TARGET_NAME)";
				SWIFT_VERSION = 5.0;
				TARGETED_DEVICE_FAMILY = "1,2";
				TEST_TARGET_NAME = floss;
			};
			name = Debug;
		};
		B15AD07123373330007B07F9 /* Release */ = {
			isa = XCBuildConfiguration;
			buildSettings = {
				ALWAYS_EMBED_SWIFT_STANDARD_LIBRARIES = YES;
				CODE_SIGN_STYLE = Automatic;
				DEVELOPMENT_TEAM = 8L9NU356QR;
				INFOPLIST_FILE = flossUITests/Info.plist;
				LD_RUNPATH_SEARCH_PATHS = (
					"$(inherited)",
					"@executable_path/Frameworks",
					"@loader_path/Frameworks",
				);
				PRODUCT_BUNDLE_IDENTIFIER = club.kappaxbeta.flossUITests;
				PRODUCT_NAME = "$(TARGET_NAME)";
				SWIFT_VERSION = 5.0;
				TARGETED_DEVICE_FAMILY = "1,2";
				TEST_TARGET_NAME = floss;
			};
			name = Release;
		};
/* End XCBuildConfiguration section */

/* Begin XCConfigurationList section */
		B15AD03A2337332F007B07F9 /* Build configuration list for PBXProject "floss" */ = {
			isa = XCConfigurationList;
			buildConfigurations = (
				B15AD06723373330007B07F9 /* Debug */,
				B15AD06823373330007B07F9 /* Release */,
			);
			defaultConfigurationIsVisible = 0;
			defaultConfigurationName = Release;
		};
		B15AD06923373330007B07F9 /* Build configuration list for PBXNativeTarget "floss" */ = {
			isa = XCConfigurationList;
			buildConfigurations = (
				B15AD06A23373330007B07F9 /* Debug */,
				B15AD06B23373330007B07F9 /* Release */,
			);
			defaultConfigurationIsVisible = 0;
			defaultConfigurationName = Release;
		};
		B15AD06C23373330007B07F9 /* Build configuration list for PBXNativeTarget "flossTests" */ = {
			isa = XCConfigurationList;
			buildConfigurations = (
				B15AD06D23373330007B07F9 /* Debug */,
				B15AD06E23373330007B07F9 /* Release */,
			);
			defaultConfigurationIsVisible = 0;
			defaultConfigurationName = Release;
		};
		B15AD06F23373330007B07F9 /* Build configuration list for PBXNativeTarget "flossUITests" */ = {
			isa = XCConfigurationList;
			buildConfigurations = (
				B15AD07023373330007B07F9 /* Debug */,
				B15AD07123373330007B07F9 /* Release */,
			);
			defaultConfigurationIsVisible = 0;
			defaultConfigurationName = Release;
		};
/* End XCConfigurationList section */
	};
	rootObject = B15AD0372337332F007B07F9 /* Project object */;
}
